
Microsoft Visual Studio Solution File, Format Version 12.00
# Visual Studio Version 16
VisualStudioVersion = 16.0.30611.23
MinimumVisualStudioVersion = 12.0
Project("{2150E333-8FDC-42A3-9474-1A3956D46DE8}") = "Driver", "Driver", "{484B7AA0-E373-45FD-8FA2-C666B5167541}"
	ProjectSection(SolutionItems) = preProject
		README.md = README.md
		docs\trackpoint-sensitivity-report.md = docs\trackpoint-sensitivity-report.md
	EndProjectSection
EndProject
Project("{8BC9CEB8-8B4A-11D0-8D11-00A0C91BC942}") = "driver", "driver\driver.vcxproj", "{FF968AD9-B8FF-450D-93A0-4CC5AC2B49B5}"
EndProject
Global
	GlobalSection(SolutionConfigurationPlatforms) = preSolution
		Debug|x64 = Debug|x64
		Debug|x86 = Debug|x86
		Release|x64 = Release|x64
		Release|x86 = Release|x86
	EndGlobalSection
	GlobalSection(ProjectConfigurationPlatforms) = postSolution
		{FF968AD9-B8FF-450D-93A0-4CC5AC2B49B5}.Debug|x64.ActiveCfg = Debug|x64
		{FF968AD9-B8FF-450D-93A0-4CC5AC2B49B5}.Debug|x64.Build.0 = Debug|x64
		{FF968AD9-B8FF-450D-93A0-4CC5AC2B49B5}.Debug|x64.Deploy.0 = Debug|x64
		{FF968AD9-B8FF-450D-93A0-4CC5AC2B49B5}.Debug|x86.ActiveCfg = Debug|Win32
		{FF968AD9-B8FF-450D-93A0-4CC5AC2B49B5}.Debug|x86.Build.0 = Debug|Win32
		{FF968AD9-B8FF-450D-93A0-4CC5AC2B49B5}.Debug|x86.Deploy.0 = Debug|Win32
		{FF968AD9-B8FF-450D-93A0-4CC5AC2B49B5}.Release|x64.ActiveCfg = Release|x64
		{FF968AD9-B8FF-450D-93A0-4CC5AC2B49B5}.Release|x64.Build.0 = Release|x64
		{FF968AD9-B8FF-450D-93A0-4CC5AC2B49B5}.Release|x64.Deploy.0 = Release|x64
		{FF968AD9-B8FF-450D-93A0-4CC5AC2B49B5}.Release|x86.ActiveCfg = Release|Win32
		{FF968AD9-B8FF-450D-93A0-4CC5AC2B49B5}.Release|x86.Build.0 = Release|Win32
		{FF968AD9-B8FF-450D-93A0-4CC5AC2B49B5}.Release|x86.Deploy.0 = Release|Win32
	EndGlobalSection
	GlobalSection(SolutionProperties) = preSolution
		HideSolutionNode = FALSE
	EndGlobalSection
	GlobalSection(NestedProjects) = preSolution
		{FF968AD9-B8FF-450D-93A0-4CC5AC2B49B5} = {484B7AA0-E373-45FD-8FA2-C666B5167541}
	EndGlobalSection
	GlobalSection(ExtensibilityGlobals) = postSolution
		SolutionGuid = {B582DB81-3D6C-4BA4-95C0-DA208F6BD70C}
	EndGlobalSection
EndGlobal
